github.com/areon546/go-helpers v0.0.0-20241215140427-f3833714b2d5 h1:BIdej020/hzd5vl+K1FfLWSinV7WAij0xZuwz/ose5A=
github.com/areon546/go-helpers v0.0.0-20241215140427-f3833714b2d5/go.mod h1:yEJ83wu5T/y8HR9KAdxmmHTOZTtuXBtkutaYiqfVhY8=
github.com/areon546/go-helpers v0.0.0-20241215141700-32cd2d8f5cd6 h1:dF+MnZdzl9V1VH2SVwRoNnr0ABxKc5bjGext/e6LbDY=
github.com/areon546/go-helpers v0.0.0-20241215141700-32cd2d8f5cd6/go.mod h1:yEJ83wu5T/y8HR9KAdxmmHTOZTtuXBtkutaYiqfVhY8=
