github.com/areon546/go-files v0.0.0-20250521125654-330435a7e6a5 h1:+E2exFLVH5KmlsjQ9resroYkGJPEsnx+cmWq9UYjjv4=
github.com/areon546/go-files v0.0.0-20250521125654-330435a7e6a5/go.mod h1:cHBXDLxNRVdv7eJvo0XAL1eDF+QJtbhCJGUmuBZkAm0=
github.com/areon546/go-files v0.0.0-20250521212226-c88a1b951736 h1:OkTmIOZHoocXlT6Gdvz7Rb/t1sV9GoDnMev4lHkNrLA=
github.com/areon546/go-files v0.0.0-20250521212226-c88a1b951736/go.mod h1:cHBXDLxNRVdv7eJvo0XAL1eDF+QJtbhCJGUmuBZkAm0=
github.com/areon546/go-files v0.0.0-20250711224212-cf1790ced3d7 h1:ZzyYowSzsoOlEPNxmWWHGX6wnBCwkIDXFGog3FOKxvI=
github.com/areon546/go-files v0.0.0-20250711224212-cf1790ced3d7/go.mod h1:GHYqNTtmtazTFotdG24+5rskSsd3tDScyQBDud/eMSg=
github.com/areon546/go-files v0.0.0-20250718124254-ff814ad08d9c h1:g82C03skVv8h89kL7lZcTnpI3q1HMSrsgfbJOVqwtrE=
github.com/areon546/go-files v0.0.0-20250718124254-ff814ad08d9c/go.mod h1:GHYqNTtmtazTFotdG24+5rskSsd3tDScyQBDud/eMSg=
github.com/areon546/go-files v0.0.0-20250721180141-066fd1b7c15c h1:OJd4HrEkNCLPMkGdyLlR4TspCi8qMSxunGRjMFLVsgE=
github.com/areon546/go-files v0.0.0-20250721180141-066fd1b7c15c/go.mod h1:vVF+26QgofRF0Xlk7UHuj8zWmXdqAjZ7zxZ+/P/F9tk=
github.com/areon546/go-files v0.0.0-20250722144031-01c9b8191724 h1:uVXtEZ1RUQM/3fHD9GIjYrbG1ZsnsnO82s1RXdmGH5c=
github.com/areon546/go-files v0.0.0-20250722144031-01c9b8191724/go.mod h1:vVF+26QgofRF0Xlk7UHuj8zWmXdqAjZ7zxZ+/P/F9tk=
github.com/areon546/go-files v0.0.0-20250726210518-3a988b86570b h1:Hg/nBu4wflHk3r6sNeJdzOUu4nhL3ZVOUI7HwHIlfrA=
github.com/areon546/go-files v0.0.0-20250726210518-3a988b86570b/go.mod h1:hl1b+AiyyS37hZfghMYqcoyx9ZLJeXqhFw0vlc62r+8=
github.com/areon546/go-files v0.0.0-20250730110127-71319a1f9e06 h1:DfvJaGdVSe7/7alprSWZne3Rf/tjlWT/NMLcS856PNE=
github.com/areon546/go-files v0.0.0-20250730110127-71319a1f9e06/go.mod h1:hl1b+AiyyS37hZfghMYqcoyx9ZLJeXqhFw0vlc62r+8=
github.com/areon546/go-files v0.0.0-20250808135234-933f33a1ad99 h1:GlbYZRi9gBdhCeUKiGgbBM5dPTjdt53x4xXQHuU5Vx8=
github.com/areon546/go-files v0.0.0-20250808135234-933f33a1ad99/go.mod h1:hl1b+AiyyS37hZfghMYqcoyx9ZLJeXqhFw0vlc62r+8=
github.com/areon546/go-files v0.0.0-20250808172616-dc65927614b6 h1:LPVzqxBp1h231Gj9kIHpnbtZPbIu4Gc/utxpeT8RFow=
github.com/areon546/go-files v0.0.0-20250808172616-dc65927614b6/go.mod h1:hl1b+AiyyS37hZfghMYqcoyx9ZLJeXqhFw0vlc62r+8=
github.com/areon546/go-helpers v0.0.0-20250303234539-3c5130368638 h1:lPvwCUpznIRCk7jBKr5ZH7Vy7NHlcxxFQh5Gu7iD+YY=
github.com/areon546/go-helpers v0.0.0-20250303234539-3c5130368638/go.mod h1:pN+CQkoKXPG5/CV6P19/T3T9xcsKCtdj38zabkFuspA=
github.com/areon546/go-helpers/helpers v0.0.0-20250523203919-096b7fa5dd64 h1:I0ciJzP9w7YX4NOeLD2r222veNRc/8ndXF7PUVN0uTc=
github.com/areon546/go-helpers/helpers v0.0.0-20250523203919-096b7fa5dd64/go.mod h1:gI6Ckz5/vP+y2zJVQG8d4Ujoh+m48Z5NfTrhprF3agE=
github.com/areon546/go-helpers/helpers v0.0.0-20250720104219-4891a82954ff h1:y2YYh3HCI8RVXm06aT3/B0Kh42uPn+XuU4FdevfRIio=
github.com/areon546/go-helpers/helpers v0.0.0-20250720104219-4891a82954ff/go.mod h1:gI6Ckz5/vP+y2zJVQG8d4Ujoh+m48Z5NfTrhprF3agE=
github.com/areon546/go-helpers/helpers v0.0.0-20250725224349-3881283c15e3 h1:Omv1ZAPP2wHtP4SJfGgWK6+giRkLvzBCtrF9rMPz2vc=
github.com/areon546/go-helpers/helpers v0.0.0-20250725224349-3881283c15e3/go.mod h1:gI6Ckz5/vP+y2zJVQG8d4Ujoh+m48Z5NfTrhprF3agE=
