github.com/areon546/go-files v0.0.0-20250808172616-dc65927614b6 h1:LPVzqxBp1h231Gj9kIHpnbtZPbIu4Gc/utxpeT8RFow=
github.com/areon546/go-files v0.0.0-20250808172616-dc65927614b6/go.mod h1:hl1b+AiyyS37hZfghMYqcoyx9ZLJeXqhFw0vlc62r+8=
github.com/areon546/go-files v0.0.0-20250812113838-c136a0304dfb h1:pPzIWnTcuzyqxtH9Rp0q5rY+ylpqC4ZehtDyVufnPhw=
github.com/areon546/go-files v0.0.0-20250812113838-c136a0304dfb/go.mod h1:hl1b+AiyyS37hZfghMYqcoyx9ZLJeXqhFw0vlc62r+8=
github.com/areon546/go-files v0.0.0-20250812171139-0b2af3ee9dd9 h1:TkFbIeLvWDnSjj7O9QQ0HdK5+yqk3bOfcYCZF+S69Oc=
github.com/areon546/go-files v0.0.0-20250812171139-0b2af3ee9dd9/go.mod h1:hl1b+AiyyS37hZfghMYqcoyx9ZLJeXqhFw0vlc62r+8=
github.com/areon546/go-files v0.0.0-20250814133213-a00365a65a97 h1:PIhDVKAQBCTl0qu4uqJHwVqNlLhSXkQMcL8BZ+0pxPU=
github.com/areon546/go-files v0.0.0-20250814133213-a00365a65a97/go.mod h1:hl1b+AiyyS37hZfghMYqcoyx9ZLJeXqhFw0vlc62r+8=
github.com/areon546/go-files v0.0.0-20250821042518-26b9dd91191c h1:7C5Cm/DfEzk24/plLC5irHhdDW9TD54LUksZGtAV9Ws=
github.com/areon546/go-files v0.0.0-20250821042518-26b9dd91191c/go.mod h1:92DiRBRMTS35iJnbyW0qPjYa4x/dAdlo+7SwsmBep2A=
github.com/areon546/go-helpers v0.0.0-20250820120313-8a98e4eca6e5 h1:djA5yPn2QbiY/GLFkq+HPql6oFFFHbWnZe4Ys7Um25c=
github.com/areon546/go-helpers v0.0.0-20250820120313-8a98e4eca6e5/go.mod h1:pN+CQkoKXPG5/CV6P19/T3T9xcsKCtdj38zabkFuspA=
github.com/areon546/go-helpers/helpers v0.0.0-20250725224349-3881283c15e3 h1:Omv1ZAPP2wHtP4SJfGgWK6+giRkLvzBCtrF9rMPz2vc=
github.com/areon546/go-helpers/helpers v0.0.0-20250725224349-3881283c15e3/go.mod h1:gI6Ckz5/vP+y2zJVQG8d4Ujoh+m48Z5NfTrhprF3agE=
